
Microsoft Visual Studio Solution File, Format Version 12.00
# Visual Studio Version 17
VisualStudioVersion = 17.1.32328.378
MinimumVisualStudioVersion = 10.0.40219.1
Project("{FAE04EC0-301F-11D3-BF4B-00C04F79EFBC}") = "LabCours", "LabCours\LabCours.csproj", "{DA3320D0-9A77-4DC7-8AC4-E68198DE71FD}"
EndProject
Global
	GlobalSection(SolutionConfigurationPlatforms) = preSolution
		Debug|Any CPU = Debug|Any CPU
		Release|Any CPU = Release|Any CPU
	EndGlobalSection
	GlobalSection(ProjectConfigurationPlatforms) = postSolution
		{DA3320D0-9A77-4DC7-8AC4-E68198DE71FD}.Debug|Any CPU.ActiveCfg = Debug|Any CPU
		{DA3320D0-9A77-4DC7-8AC4-E68198DE71FD}.Debug|Any CPU.Build.0 = Debug|Any CPU
		{DA3320D0-9A77-4DC7-8AC4-E68198DE71FD}.Release|Any CPU.ActiveCfg = Release|Any CPU
		{DA3320D0-9A77-4DC7-8AC4-E68198DE71FD}.Release|Any CPU.Build.0 = Release|Any CPU
	EndGlobalSection
	GlobalSection(SolutionProperties) = preSolution
		HideSolutionNode = FALSE
	EndGlobalSection
	GlobalSection(ExtensibilityGlobals) = postSolution
		SolutionGuid = {C3B67640-A07D-4896-A937-C68CBFE0C1F1}
	EndGlobalSection
EndGlobal
